// !$*UTF8*$!
{
	archiveVersion = 1;
	classes = {
	};
	objectVersion = 46;
	objects = {

/* Begin PBXBuildFile section */
		8455BAB91E24F3FB0063200E /* LoginViewController.swift in Sources */ = {isa = PBXBuildFile; fileRef = 8455BAB81E24F3FB0063200E /* LoginViewController.swift */; };
		8455BABB1E24FD5B0063200E /* User.swift in Sources */ = {isa = PBXBuildFile; fileRef = 8455BABA1E24FD5B0063200E /* User.swift */; };
		846AC0881E66F03400C95001 /* VoiceViewController.swift in Sources */ = {isa = PBXBuildFile; fileRef = 846AC0871E66F03400C95001 /* VoiceViewController.swift */; };
		846AC0FF1E67582D00C95001 /* SWRevealViewController.m in Sources */ = {isa = PBXBuildFile; fileRef = 846AC0FE1E67582D00C95001 /* SWRevealViewController.m */; };
		846AC1011E67594100C95001 /* MenuViewController.swift in Sources */ = {isa = PBXBuildFile; fileRef = 846AC1001E67594100C95001 /* MenuViewController.swift */; };
		846AC1031E67595C00C95001 /* MenuTableViewCell.swift in Sources */ = {isa = PBXBuildFile; fileRef = 846AC1021E67595C00C95001 /* MenuTableViewCell.swift */; };
		846AC1051E70665300C95001 /* SettingsViewController.swift in Sources */ = {isa = PBXBuildFile; fileRef = 846AC1041E70665300C95001 /* SettingsViewController.swift */; };
		846AC1081E77141300C95001 /* NewPasswordViewController.swift in Sources */ = {isa = PBXBuildFile; fileRef = 846AC1071E77141300C95001 /* NewPasswordViewController.swift */; };
		846AC10A1E7736D600C95001 /* PurchaseViewController.swift in Sources */ = {isa = PBXBuildFile; fileRef = 846AC1091E7736D600C95001 /* PurchaseViewController.swift */; };
		846AC1351E7858A900C95001 /* iCarousel.m in Sources */ = {isa = PBXBuildFile; fileRef = 846AC1341E7858A900C95001 /* iCarousel.m */; };
		849611881E5628FD00E4B4B0 /* RegisterViewController.swift in Sources */ = {isa = PBXBuildFile; fileRef = 849611871E5628FD00E4B4B0 /* RegisterViewController.swift */; };
		84B993B81E1D539D0025412C /* AppDelegate.swift in Sources */ = {isa = PBXBuildFile; fileRef = 84B993B71E1D539D0025412C /* AppDelegate.swift */; };
		84B993BA1E1D539D0025412C /* MainViewController.swift in Sources */ = {isa = PBXBuildFile; fileRef = 84B993B91E1D539D0025412C /* MainViewController.swift */; };
		84B993BD1E1D539D0025412C /* Main.storyboard in Resources */ = {isa = PBXBuildFile; fileRef = 84B993BB1E1D539D0025412C /* Main.storyboard */; };
		84B993C01E1D539D0025412C /* HeyBook.xcdatamodeld in Sources */ = {isa = PBXBuildFile; fileRef = 84B993BE1E1D539D0025412C /* HeyBook.xcdatamodeld */; };
		84B993C21E1D539D0025412C /* Assets.xcassets in Resources */ = {isa = PBXBuildFile; fileRef = 84B993C11E1D539D0025412C /* Assets.xcassets */; };
		84B993C51E1D539D0025412C /* LaunchScreen.storyboard in Resources */ = {isa = PBXBuildFile; fileRef = 84B993C31E1D539D0025412C /* LaunchScreen.storyboard */; };
		84B993CD1E1D59120025412C /* ListenViewController.swift in Sources */ = {isa = PBXBuildFile; fileRef = 84B993CC1E1D59120025412C /* ListenViewController.swift */; };
		84B993D11E1D59E50025412C /* CustomCollectionViewCell.swift in Sources */ = {isa = PBXBuildFile; fileRef = 84B993D01E1D59E50025412C /* CustomCollectionViewCell.swift */; };
		84B993D31E1D5A540025412C /* HeaderCollectionReusableView.swift in Sources */ = {isa = PBXBuildFile; fileRef = 84B993D21E1D5A540025412C /* HeaderCollectionReusableView.swift */; };
		84B993D51E1D5EC30025412C /* SwiftyJSON.swift in Sources */ = {isa = PBXBuildFile; fileRef = 84B993D41E1D5EC30025412C /* SwiftyJSON.swift */; };
		84BF20481E229974001E883E /* Record.swift in Sources */ = {isa = PBXBuildFile; fileRef = 84BF20471E229974001E883E /* Record.swift */; };
		C59E09A1FC10E9FB0ED40E59 /* Pods_HeyBook.framework in Frameworks */ = {isa = PBXBuildFile; fileRef = C15298B32F56ACD156C6CE6C /* Pods_HeyBook.framework */; };
/* End PBXBuildFile section */

/* Begin PBXFileReference section */
		8455BAB81E24F3FB0063200E /* LoginViewController.swift */ = {isa = PBXFileReference; fileEncoding = 4; lastKnownFileType = sourcecode.swift; path = LoginViewController.swift; sourceTree = "<group>"; };
		8455BABA1E24FD5B0063200E /* User.swift */ = {isa = PBXFileReference; fileEncoding = 4; lastKnownFileType = sourcecode.swift; path = User.swift; sourceTree = "<group>"; };
		846AC0871E66F03400C95001 /* VoiceViewController.swift */ = {isa = PBXFileReference; fileEncoding = 4; lastKnownFileType = sourcecode.swift; path = VoiceViewController.swift; sourceTree = "<group>"; };
		846AC0FC1E67582C00C95001 /* HeyBook-Bridging-Header.h */ = {isa = PBXFileReference; lastKnownFileType = sourcecode.c.h; path = "HeyBook-Bridging-Header.h"; sourceTree = "<group>"; };
		846AC0FD1E67582D00C95001 /* SWRevealViewController.h */ = {isa = PBXFileReference; fileEncoding = 4; lastKnownFileType = sourcecode.c.h; path = SWRevealViewController.h; sourceTree = "<group>"; };
		846AC0FE1E67582D00C95001 /* SWRevealViewController.m */ = {isa = PBXFileReference; fileEncoding = 4; lastKnownFileType = sourcecode.c.objc; path = SWRevealViewController.m; sourceTree = "<group>"; };
		846AC1001E67594100C95001 /* MenuViewController.swift */ = {isa = PBXFileReference; fileEncoding = 4; lastKnownFileType = sourcecode.swift; path = MenuViewController.swift; sourceTree = "<group>"; };
		846AC1021E67595C00C95001 /* MenuTableViewCell.swift */ = {isa = PBXFileReference; fileEncoding = 4; lastKnownFileType = sourcecode.swift; path = MenuTableViewCell.swift; sourceTree = "<group>"; };
		846AC1041E70665300C95001 /* SettingsViewController.swift */ = {isa = PBXFileReference; fileEncoding = 4; lastKnownFileType = sourcecode.swift; path = SettingsViewController.swift; sourceTree = "<group>"; };
		846AC1071E77141300C95001 /* NewPasswordViewController.swift */ = {isa = PBXFileReference; fileEncoding = 4; lastKnownFileType = sourcecode.swift; path = NewPasswordViewController.swift; sourceTree = "<group>"; };
		846AC1091E7736D600C95001 /* PurchaseViewController.swift */ = {isa = PBXFileReference; fileEncoding = 4; lastKnownFileType = sourcecode.swift; path = PurchaseViewController.swift; sourceTree = "<group>"; };
		846AC1331E7858A900C95001 /* iCarousel.h */ = {isa = PBXFileReference; fileEncoding = 4; lastKnownFileType = sourcecode.c.h; path = iCarousel.h; sourceTree = "<group>"; };
		846AC1341E7858A900C95001 /* iCarousel.m */ = {isa = PBXFileReference; fileEncoding = 4; lastKnownFileType = sourcecode.c.objc; path = iCarousel.m; sourceTree = "<group>"; };
		849611871E5628FD00E4B4B0 /* RegisterViewController.swift */ = {isa = PBXFileReference; fileEncoding = 4; lastKnownFileType = sourcecode.swift; path = RegisterViewController.swift; sourceTree = "<group>"; };
		84B993B41E1D539D0025412C /* HeyBook.app */ = {isa = PBXFileReference; explicitFileType = wrapper.application; includeInIndex = 0; path = HeyBook.app; sourceTree = BUILT_PRODUCTS_DIR; };
		84B993B71E1D539D0025412C /* AppDelegate.swift */ = {isa = PBXFileReference; lastKnownFileType = sourcecode.swift; path = AppDelegate.swift; sourceTree = "<group>"; };
		84B993B91E1D539D0025412C /* MainViewController.swift */ = {isa = PBXFileReference; lastKnownFileType = sourcecode.swift; path = MainViewController.swift; sourceTree = "<group>"; };
		84B993BC1E1D539D0025412C /* Base */ = {isa = PBXFileReference; lastKnownFileType = file.storyboard; name = Base; path = Base.lproj/Main.storyboard; sourceTree = "<group>"; };
		84B993BF1E1D539D0025412C /* HeyBook.xcdatamodel */ = {isa = PBXFileReference; lastKnownFileType = wrapper.xcdatamodel; path = HeyBook.xcdatamodel; sourceTree = "<group>"; };
		84B993C11E1D539D0025412C /* Assets.xcassets */ = {isa = PBXFileReference; lastKnownFileType = folder.assetcatalog; path = Assets.xcassets; sourceTree = "<group>"; };
		84B993C41E1D539D0025412C /* Base */ = {isa = PBXFileReference; lastKnownFileType = file.storyboard; name = Base; path = Base.lproj/LaunchScreen.storyboard; sourceTree = "<group>"; };
		84B993C61E1D539D0025412C /* Info.plist */ = {isa = PBXFileReference; lastKnownFileType = text.plist.xml; path = Info.plist; sourceTree = "<group>"; };
		84B993CC1E1D59120025412C /* ListenViewController.swift */ = {isa = PBXFileReference; fileEncoding = 4; lastKnownFileType = sourcecode.swift; path = ListenViewController.swift; sourceTree = "<group>"; };
		84B993D01E1D59E50025412C /* CustomCollectionViewCell.swift */ = {isa = PBXFileReference; fileEncoding = 4; lastKnownFileType = sourcecode.swift; path = CustomCollectionViewCell.swift; sourceTree = "<group>"; };
		84B993D21E1D5A540025412C /* HeaderCollectionReusableView.swift */ = {isa = PBXFileReference; fileEncoding = 4; lastKnownFileType = sourcecode.swift; path = HeaderCollectionReusableView.swift; sourceTree = "<group>"; };
		84B993D41E1D5EC30025412C /* SwiftyJSON.swift */ = {isa = PBXFileReference; fileEncoding = 4; lastKnownFileType = sourcecode.swift; path = SwiftyJSON.swift; sourceTree = "<group>"; };
		84BF20471E229974001E883E /* Record.swift */ = {isa = PBXFileReference; fileEncoding = 4; lastKnownFileType = sourcecode.swift; path = Record.swift; sourceTree = "<group>"; };
		ADA825331E59CE700051BE91 /* SideMenu.framework */ = {isa = PBXFileReference; lastKnownFileType = wrapper.framework; name = SideMenu.framework; path = "Pods/../build/Release-iphoneos/SideMenu/SideMenu.framework"; sourceTree = "<group>"; };
		C15298B32F56ACD156C6CE6C /* Pods_HeyBook.framework */ = {isa = PBXFileReference; explicitFileType = wrapper.framework; includeInIndex = 0; path = Pods_HeyBook.framework; sourceTree = BUILT_PRODUCTS_DIR; };
		C59386519FD572BD8E335A4B /* Pods-HeyBook.debug.xcconfig */ = {isa = PBXFileReference; includeInIndex = 1; lastKnownFileType = text.xcconfig; name = "Pods-HeyBook.debug.xcconfig"; path = "Pods/Target Support Files/Pods-HeyBook/Pods-HeyBook.debug.xcconfig"; sourceTree = "<group>"; };
		D4A1C5169754879A6EFF63B6 /* Pods-HeyBook.release.xcconfig */ = {isa = PBXFileReference; includeInIndex = 1; lastKnownFileType = text.xcconfig; name = "Pods-HeyBook.release.xcconfig"; path = "Pods/Target Support Files/Pods-HeyBook/Pods-HeyBook.release.xcconfig"; sourceTree = "<group>"; };
/* End PBXFileReference section */

/* Begin PBXFrameworksBuildPhase section */
		84B993B11E1D539C0025412C /* Frameworks */ = {
			isa = PBXFrameworksBuildPhase;
			buildActionMask = 2147483647;
			files = (
				C59E09A1FC10E9FB0ED40E59 /* Pods_HeyBook.framework in Frameworks */,
			);
			runOnlyForDeploymentPostprocessing = 0;
		};
/* End PBXFrameworksBuildPhase section */

/* Begin PBXGroup section */
		84B993AB1E1D539C0025412C = {
			isa = PBXGroup;
			children = (
				84B993B61E1D539D0025412C /* HeyBook */,
				84B993B51E1D539D0025412C /* Products */,
				B3EFC50176E94431302D5977 /* Pods */,
				8AC9EFD661A6E92A27F01930 /* Frameworks */,
			);
			sourceTree = "<group>";
		};
		84B993B51E1D539D0025412C /* Products */ = {
			isa = PBXGroup;
			children = (
				84B993B41E1D539D0025412C /* HeyBook.app */,
			);
			name = Products;
			sourceTree = "<group>";
		};
		84B993B61E1D539D0025412C /* HeyBook */ = {
			isa = PBXGroup;
			children = (
				846AC0FD1E67582D00C95001 /* SWRevealViewController.h */,
				846AC0FE1E67582D00C95001 /* SWRevealViewController.m */,
				846AC1331E7858A900C95001 /* iCarousel.h */,
				846AC1341E7858A900C95001 /* iCarousel.m */,
				849611871E5628FD00E4B4B0 /* RegisterViewController.swift */,
				84B993B71E1D539D0025412C /* AppDelegate.swift */,
				84B993B91E1D539D0025412C /* MainViewController.swift */,
				84BF20471E229974001E883E /* Record.swift */,
				84B993D41E1D5EC30025412C /* SwiftyJSON.swift */,
				84B993BB1E1D539D0025412C /* Main.storyboard */,
				846AC1001E67594100C95001 /* MenuViewController.swift */,
				846AC1021E67595C00C95001 /* MenuTableViewCell.swift */,
				846AC0871E66F03400C95001 /* VoiceViewController.swift */,
				84B993C11E1D539D0025412C /* Assets.xcassets */,
				84B993C31E1D539D0025412C /* LaunchScreen.storyboard */,
				84B993C61E1D539D0025412C /* Info.plist */,
				84B993BE1E1D539D0025412C /* HeyBook.xcdatamodeld */,
				84B993CC1E1D59120025412C /* ListenViewController.swift */,
				84B993D01E1D59E50025412C /* CustomCollectionViewCell.swift */,
				84B993D21E1D5A540025412C /* HeaderCollectionReusableView.swift */,
				8455BAB81E24F3FB0063200E /* LoginViewController.swift */,
				8455BABA1E24FD5B0063200E /* User.swift */,
				846AC0FC1E67582C00C95001 /* HeyBook-Bridging-Header.h */,
				846AC1041E70665300C95001 /* SettingsViewController.swift */,
				846AC1071E77141300C95001 /* NewPasswordViewController.swift */,
				846AC1091E7736D600C95001 /* PurchaseViewController.swift */,
			);
			path = HeyBook;
			sourceTree = "<group>";
		};
		8AC9EFD661A6E92A27F01930 /* Frameworks */ = {
			isa = PBXGroup;
			children = (
				ADA825331E59CE700051BE91 /* SideMenu.framework */,
				C15298B32F56ACD156C6CE6C /* Pods_HeyBook.framework */,
			);
			name = Frameworks;
			sourceTree = "<group>";
		};
		B3EFC50176E94431302D5977 /* Pods */ = {
			isa = PBXGroup;
			children = (
				C59386519FD572BD8E335A4B /* Pods-HeyBook.debug.xcconfig */,
				D4A1C5169754879A6EFF63B6 /* Pods-HeyBook.release.xcconfig */,
			);
			name = Pods;
			sourceTree = "<group>";
		};
/* End PBXGroup section */

/* Begin PBXNativeTarget section */
		84B993B31E1D539C0025412C /* HeyBook */ = {
			isa = PBXNativeTarget;
			buildConfigurationList = 84B993C91E1D539D0025412C /* Build configuration list for PBXNativeTarget "HeyBook" */;
			buildPhases = (
				EBAAC4EF417CF07DECD59169 /* [CP] Check Pods Manifest.lock */,
				84B993B01E1D539C0025412C /* Sources */,
				84B993B11E1D539C0025412C /* Frameworks */,
				84B993B21E1D539C0025412C /* Resources */,
				BC6F6DB036FA7D95546E4270 /* [CP] Embed Pods Frameworks */,
				888748E953810830BE4CBB96 /* [CP] Copy Pods Resources */,
			);
			buildRules = (
			);
			dependencies = (
			);
			name = HeyBook;
			productName = HeyBook;
			productReference = 84B993B41E1D539D0025412C /* HeyBook.app */;
			productType = "com.apple.product-type.application";
		};
/* End PBXNativeTarget section */

/* Begin PBXProject section */
		84B993AC1E1D539C0025412C /* Project object */ = {
			isa = PBXProject;
			attributes = {
				LastSwiftUpdateCheck = 0820;
				LastUpgradeCheck = 0820;
				ORGANIZATIONNAME = Team1;
				TargetAttributes = {
					84B993B31E1D539C0025412C = {
						CreatedOnToolsVersion = 8.2.1;
						DevelopmentTeam = V58HAM7S33;
						LastSwiftMigration = 0820;
						ProvisioningStyle = Automatic;
					};
				};
			};
			buildConfigurationList = 84B993AF1E1D539C0025412C /* Build configuration list for PBXProject "HeyBook" */;
			compatibilityVersion = "Xcode 3.2";
			developmentRegion = English;
			hasScannedForEncodings = 0;
			knownRegions = (
				en,
				Base,
			);
			mainGroup = 84B993AB1E1D539C0025412C;
			productRefGroup = 84B993B51E1D539D0025412C /* Products */;
			projectDirPath = "";
			projectRoot = "";
			targets = (
				84B993B31E1D539C0025412C /* HeyBook */,
			);
		};
/* End PBXProject section */

/* Begin PBXResourcesBuildPhase section */
		84B993B21E1D539C0025412C /* Resources */ = {
			isa = PBXResourcesBuildPhase;
			buildActionMask = 2147483647;
			files = (
				84B993C51E1D539D0025412C /* LaunchScreen.storyboard in Resources */,
				84B993C21E1D539D0025412C /* Assets.xcassets in Resources */,
				84B993BD1E1D539D0025412C /* Main.storyboard in Resources */,
			);
			runOnlyForDeploymentPostprocessing = 0;
		};
/* End PBXResourcesBuildPhase section */

/* Begin PBXShellScriptBuildPhase section */
		888748E953810830BE4CBB96 /* [CP] Copy Pods Resources */ = {
			isa = PBXShellScriptBuildPhase;
			buildActionMask = 2147483647;
			files = (
			);
			inputPaths = (
			);
			name = "[CP] Copy Pods Resources";
			outputPaths = (
			);
			runOnlyForDeploymentPostprocessing = 0;
			shellPath = /bin/sh;
			shellScript = "\"${SRCROOT}/Pods/Target Support Files/Pods-HeyBook/Pods-HeyBook-resources.sh\"\n";
			showEnvVarsInLog = 0;
		};
		BC6F6DB036FA7D95546E4270 /* [CP] Embed Pods Frameworks */ = {
			isa = PBXShellScriptBuildPhase;
			buildActionMask = 2147483647;
			files = (
			);
			inputPaths = (
			);
			name = "[CP] Embed Pods Frameworks";
			outputPaths = (
			);
			runOnlyForDeploymentPostprocessing = 0;
			shellPath = /bin/sh;
			shellScript = "\"${SRCROOT}/Pods/Target Support Files/Pods-HeyBook/Pods-HeyBook-frameworks.sh\"\n";
			showEnvVarsInLog = 0;
		};
		EBAAC4EF417CF07DECD59169 /* [CP] Check Pods Manifest.lock */ = {
			isa = PBXShellScriptBuildPhase;
			buildActionMask = 2147483647;
			files = (
			);
			inputPaths = (
			);
			name = "[CP] Check Pods Manifest.lock";
			outputPaths = (
			);
			runOnlyForDeploymentPostprocessing = 0;
			shellPath = /bin/sh;
			shellScript = "diff \"${PODS_ROOT}/../Podfile.lock\" \"${PODS_ROOT}/Manifest.lock\" > /dev/null\nif [ $? != 0 ] ; then\n    # print error to STDERR\n    echo \"error: The sandbox is not in sync with the Podfile.lock. Run 'pod install' or update your CocoaPods installation.\" >&2\n    exit 1\nfi\n";
			showEnvVarsInLog = 0;
		};
/* End PBXShellScriptBuildPhase section */

/* Begin PBXSourcesBuildPhase section */
		84B993B01E1D539C0025412C /* Sources */ = {
			isa = PBXSourcesBuildPhase;
			buildActionMask = 2147483647;
			files = (
				846AC0FF1E67582D00C95001 /* SWRevealViewController.m in Sources */,
				846AC1351E7858A900C95001 /* iCarousel.m in Sources */,
				8455BAB91E24F3FB0063200E /* LoginViewController.swift in Sources */,
				84B993D31E1D5A540025412C /* HeaderCollectionReusableView.swift in Sources */,
				846AC1011E67594100C95001 /* MenuViewController.swift in Sources */,
				846AC1081E77141300C95001 /* NewPasswordViewController.swift in Sources */,
				849611881E5628FD00E4B4B0 /* RegisterViewController.swift in Sources */,
				84B993BA1E1D539D0025412C /* MainViewController.swift in Sources */,
				84B993D11E1D59E50025412C /* CustomCollectionViewCell.swift in Sources */,
				846AC1051E70665300C95001 /* SettingsViewController.swift in Sources */,
				846AC0881E66F03400C95001 /* VoiceViewController.swift in Sources */,
				84B993C01E1D539D0025412C /* HeyBook.xcdatamodeld in Sources */,
				846AC10A1E7736D600C95001 /* PurchaseViewController.swift in Sources */,
				84B993B81E1D539D0025412C /* AppDelegate.swift in Sources */,
				84B993D51E1D5EC30025412C /* SwiftyJSON.swift in Sources */,
				84BF20481E229974001E883E /* Record.swift in Sources */,
				8455BABB1E24FD5B0063200E /* User.swift in Sources */,
				84B993CD1E1D59120025412C /* ListenViewController.swift in Sources */,
				846AC1031E67595C00C95001 /* MenuTableViewCell.swift in Sources */,
			);
			runOnlyForDeploymentPostprocessing = 0;
		};
/* End PBXSourcesBuildPhase section */

/* Begin PBXVariantGroup section */
		84B993BB1E1D539D0025412C /* Main.storyboard */ = {
			isa = PBXVariantGroup;
			children = (
				84B993BC1E1D539D0025412C /* Base */,
			);
			name = Main.storyboard;
			sourceTree = "<group>";
		};
		84B993C31E1D539D0025412C /* LaunchScreen.storyboard */ = {
			isa = PBXVariantGroup;
			children = (
				84B993C41E1D539D0025412C /* Base */,
			);
			name = LaunchScreen.storyboard;
			sourceTree = "<group>";
		};
/* End PBXVariantGroup section */

/* Begin XCBuildConfiguration section */
		84B993C71E1D539D0025412C /* Debug */ = {
			isa = XCBuildConfiguration;
			buildSettings = {
				ALWAYS_SEARCH_USER_PATHS = NO;
				CLANG_ANALYZER_NONNULL = YES;
				CLANG_CXX_LANGUAGE_STANDARD = "gnu++0x";
				CLANG_CXX_LIBRARY = "libc++";
				CLANG_ENABLE_MODULES = YES;
				CLANG_ENABLE_OBJC_ARC = YES;
				CLANG_WARN_BOOL_CONVERSION = YES;
				CLANG_WARN_CONSTANT_CONVERSION = YES;
				CLANG_WARN_DIRECT_OBJC_ISA_USAGE = YES_ERROR;
				CLANG_WARN_DOCUMENTATION_COMMENTS = YES;
				CLANG_WARN_EMPTY_BODY = YES;
				CLANG_WARN_ENUM_CONVERSION = YES;
				CLANG_WARN_INFINITE_RECURSION = YES;
				CLANG_WARN_INT_CONVERSION = YES;
				CLANG_WARN_OBJC_ROOT_CLASS = YES_ERROR;
				CLANG_WARN_SUSPICIOUS_MOVE = YES;
				CLANG_WARN_UNREACHABLE_CODE = YES;
				CLANG_WARN__DUPLICATE_METHOD_MATCH = YES;
				"CODE_SIGN_IDENTITY[sdk=iphoneos*]" = "iPhone Developer";
				COPY_PHASE_STRIP = NO;
				DEBUG_INFORMATION_FORMAT = dwarf;
				ENABLE_STRICT_OBJC_MSGSEND = YES;
				ENABLE_TESTABILITY = YES;
				GCC_C_LANGUAGE_STANDARD = gnu99;
				GCC_DYNAMIC_NO_PIC = NO;
				GCC_NO_COMMON_BLOCKS = YES;
				GCC_OPTIMIZATION_LEVEL = 0;
				GCC_PREPROCESSOR_DEFINITIONS = (
					"DEBUG=1",
					"$(inherited)",
				);
				GCC_WARN_64_TO_32_BIT_CONVERSION = YES;
				GCC_WARN_ABOUT_RETURN_TYPE = YES_ERROR;
				GCC_WARN_UNDECLARED_SELECTOR = YES;
				GCC_WARN_UNINITIALIZED_AUTOS = YES_AGGRESSIVE;
				GCC_WARN_UNUSED_FUNCTION = YES;
				GCC_WARN_UNUSED_VARIABLE = YES;
				IPHONEOS_DEPLOYMENT_TARGET = 10.2;
				MTL_ENABLE_DEBUG_INFO = YES;
				ONLY_ACTIVE_ARCH = YES;
				SDKROOT = iphoneos;
				SWIFT_ACTIVE_COMPILATION_CONDITIONS = DEBUG;
				SWIFT_OPTIMIZATION_LEVEL = "-Onone";
			};
			name = Debug;
		};
		84B993C81E1D539D0025412C /* Release */ = {
			isa = XCBuildConfiguration;
			buildSettings = {
				ALWAYS_SEARCH_USER_PATHS = NO;
				CLANG_ANALYZER_NONNULL = YES;
				CLANG_CXX_LANGUAGE_STANDARD = "gnu++0x";
				CLANG_CXX_LIBRARY = "libc++";
				CLANG_ENABLE_MODULES = YES;
				CLANG_ENABLE_OBJC_ARC = YES;
				CLANG_WARN_BOOL_CONVERSION = YES;
				CLANG_WARN_CONSTANT_CONVERSION = YES;
				CLANG_WARN_DIRECT_OBJC_ISA_USAGE = YES_ERROR;
				CLANG_WARN_DOCUMENTATION_COMMENTS = YES;
				CLANG_WARN_EMPTY_BODY = YES;
				CLANG_WARN_ENUM_CONVERSION = YES;
				CLANG_WARN_INFINITE_RECURSION = YES;
				CLANG_WARN_INT_CONVERSION = YES;
				CLANG_WARN_OBJC_ROOT_CLASS = YES_ERROR;
				CLANG_WARN_SUSPICIOUS_MOVE = YES;
				CLANG_WARN_UNREACHABLE_CODE = YES;
				CLANG_WARN__DUPLICATE_METHOD_MATCH = YES;
				"CODE_SIGN_IDENTITY[sdk=iphoneos*]" = "iPhone Developer";
				COPY_PHASE_STRIP = NO;
				DEBUG_INFORMATION_FORMAT = "dwarf-with-dsym";
				ENABLE_NS_ASSERTIONS = NO;
				ENABLE_STRICT_OBJC_MSGSEND = YES;
				GCC_C_LANGUAGE_STANDARD = gnu99;
				GCC_NO_COMMON_BLOCKS = YES;
				GCC_WARN_64_TO_32_BIT_CONVERSION = YES;
				GCC_WARN_ABOUT_RETURN_TYPE = YES_ERROR;
				GCC_WARN_UNDECLARED_SELECTOR = YES;
				GCC_WARN_UNINITIALIZED_AUTOS = YES_AGGRESSIVE;
				GCC_WARN_UNUSED_FUNCTION = YES;
				GCC_WARN_UNUSED_VARIABLE = YES;
				IPHONEOS_DEPLOYMENT_TARGET = 10.2;
				MTL_ENABLE_DEBUG_INFO = NO;
				SDKROOT = iphoneos;
				SWIFT_OPTIMIZATION_LEVEL = "-Owholemodule";
				VALIDATE_PRODUCT = YES;
			};
			name = Release;
		};
		84B993CA1E1D539D0025412C /* Debug */ = {
			isa = XCBuildConfiguration;
			baseConfigurationReference = C59386519FD572BD8E335A4B /* Pods-HeyBook.debug.xcconfig */;
			buildSettings = {
				ASSETCATALOG_COMPILER_APPICON_NAME = AppIcon;
				CLANG_ENABLE_MODULES = YES;
				DEVELOPMENT_TEAM = V58HAM7S33;
				FRAMEWORK_SEARCH_PATHS = (
					"$(inherited)",
					"$(PROJECT_DIR)/build/Release-iphoneos/SideMenu",
				);
				INFOPLIST_FILE = HeyBook/Info.plist;
				IPHONEOS_DEPLOYMENT_TARGET = 10.0;
				LD_RUNPATH_SEARCH_PATHS = "$(inherited) @executable_path/Frameworks";
				PRODUCT_BUNDLE_IDENTIFIER = com.team1.HeyBook;
				PRODUCT_NAME = "$(TARGET_NAME)";
				SWIFT_OBJC_BRIDGING_HEADER = "HeyBook/HeyBook-Bridging-Header.h";
				SWIFT_OPTIMIZATION_LEVEL = "-Onone";
				SWIFT_VERSION = 3.0;
			};
			name = Debug;
		};
		84B993CB1E1D539D0025412C /* Release */ = {
			isa = XCBuildConfiguration;
			baseConfigurationReference = D4A1C5169754879A6EFF63B6 /* Pods-HeyBook.release.xcconfig */;
			buildSettings = {
				ASSETCATALOG_COMPILER_APPICON_NAME = AppIcon;
				CLANG_ENABLE_MODULES = YES;
				DEVELOPMENT_TEAM = V58HAM7S33;
				FRAMEWORK_SEARCH_PATHS = (
					"$(inherited)",
					"$(PROJECT_DIR)/build/Release-iphoneos/SideMenu",
				);
				INFOPLIST_FILE = HeyBook/Info.plist;
				IPHONEOS_DEPLOYMENT_TARGET = 10.0;
				LD_RUNPATH_SEARCH_PATHS = "$(inherited) @executable_path/Frameworks";
				PRODUCT_BUNDLE_IDENTIFIER = com.team1.HeyBook;
				PRODUCT_NAME = "$(TARGET_NAME)";
				SWIFT_OBJC_BRIDGING_HEADER = "HeyBook/HeyBook-Bridging-Header.h";
				SWIFT_VERSION = 3.0;
			};
			name = Release;
		};
/* End XCBuildConfiguration section */

/* Begin XCConfigurationList section */
		84B993AF1E1D539C0025412C /* Build configuration list for PBXProject "HeyBook" */ = {
			isa = XCConfigurationList;
			buildConfigurations = (
				84B993C71E1D539D0025412C /* Debug */,
				84B993C81E1D539D0025412C /* Release */,
			);
			defaultConfigurationIsVisible = 0;
			defaultConfigurationName = Release;
		};
		84B993C91E1D539D0025412C /* Build configuration list for PBXNativeTarget "HeyBook" */ = {
			isa = XCConfigurationList;
			buildConfigurations = (
				84B993CA1E1D539D0025412C /* Debug */,
				84B993CB1E1D539D0025412C /* Release */,
			);
			defaultConfigurationIsVisible = 0;
			defaultConfigurationName = Release;
		};
/* End XCConfigurationList section */

/* Begin XCVersionGroup section */
		84B993BE1E1D539D0025412C /* HeyBook.xcdatamodeld */ = {
			isa = XCVersionGroup;
			children = (
				84B993BF1E1D539D0025412C /* HeyBook.xcdatamodel */,
			);
			currentVersion = 84B993BF1E1D539D0025412C /* HeyBook.xcdatamodel */;
			path = HeyBook.xcdatamodeld;
			sourceTree = "<group>";
			versionGroupType = wrapper.xcdatamodel;
		};
/* End XCVersionGroup section */
	};
	rootObject = 84B993AC1E1D539C0025412C /* Project object */;
}
